
Microsoft Visual Studio Solution File, Format Version 12.00
# Visual Studio Version 17
VisualStudioVersion = 17.11.35327.3
MinimumVisualStudioVersion = 10.0.40219.1
Project("{FAE04EC0-301F-11D3-BF4B-00C04F79EFBC}") = "CSharpEgitimKampi301.EntityLayer", "CSharpEgitimKampi301.EntityLayer\CSharpEgitimKampi301.EntityLayer.csproj", "{674E54AB-978E-423C-A8A2-C38EF25C4B61}"
EndProject
Project("{FAE04EC0-301F-11D3-BF4B-00C04F79EFBC}") = "CSharpEgitimKampi301.DataAccessLayer", "CSharpEgitimKampi301.DataAccessLayer\CSharpEgitimKampi301.DataAccessLayer.csproj", "{6DBE835A-B2F1-47A4-97BF-F7F01F344EDC}"
EndProject
Project("{FAE04EC0-301F-11D3-BF4B-00C04F79EFBC}") = "CSharpEgitimKampi301.BusinessLayer", "CSharpEgitimKampi301.BusinessLayer\CSharpEgitimKampi301.BusinessLayer.csproj", "{117FADFF-3F31-429E-AAE5-3E17FDEE18EE}"
EndProject
Project("{FAE04EC0-301F-11D3-BF4B-00C04F79EFBC}") = "CSharpEgitimKampi301.PresentationLayer", "CSharpEgitimKampi301.PresentationLayer\CSharpEgitimKampi301.PresentationLayer.csproj", "{40E4DA70-8E87-4512-B8EC-B50A8BCEB10A}"
EndProject
Project("{FAE04EC0-301F-11D3-BF4B-00C04F79EFBC}") = "CSharpEgitimKampi301_EFProject", "CSharpEgitimKampi301_EFProject\CSharpEgitimKampi301_EFProject.csproj", "{7A354592-5664-4CC0-91E6-DE42909C1D90}"
EndProject
Global
	GlobalSection(SolutionConfigurationPlatforms) = preSolution
		Debug|Any CPU = Debug|Any CPU
		Release|Any CPU = Release|Any CPU
	EndGlobalSection
	GlobalSection(ProjectConfigurationPlatforms) = postSolution
		{674E54AB-978E-423C-A8A2-C38EF25C4B61}.Debug|Any CPU.ActiveCfg = Debug|Any CPU
		{674E54AB-978E-423C-A8A2-C38EF25C4B61}.Debug|Any CPU.Build.0 = Debug|Any CPU
		{674E54AB-978E-423C-A8A2-C38EF25C4B61}.Release|Any CPU.ActiveCfg = Release|Any CPU
		{674E54AB-978E-423C-A8A2-C38EF25C4B61}.Release|Any CPU.Build.0 = Release|Any CPU
		{6DBE835A-B2F1-47A4-97BF-F7F01F344EDC}.Debug|Any CPU.ActiveCfg = Debug|Any CPU
		{6DBE835A-B2F1-47A4-97BF-F7F01F344EDC}.Debug|Any CPU.Build.0 = Debug|Any CPU
		{6DBE835A-B2F1-47A4-97BF-F7F01F344EDC}.Release|Any CPU.ActiveCfg = Release|Any CPU
		{6DBE835A-B2F1-47A4-97BF-F7F01F344EDC}.Release|Any CPU.Build.0 = Release|Any CPU
		{117FADFF-3F31-429E-AAE5-3E17FDEE18EE}.Debug|Any CPU.ActiveCfg = Debug|Any CPU
		{117FADFF-3F31-429E-AAE5-3E17FDEE18EE}.Debug|Any CPU.Build.0 = Debug|Any CPU
		{117FADFF-3F31-429E-AAE5-3E17FDEE18EE}.Release|Any CPU.ActiveCfg = Release|Any CPU
		{117FADFF-3F31-429E-AAE5-3E17FDEE18EE}.Release|Any CPU.Build.0 = Release|Any CPU
		{40E4DA70-8E87-4512-B8EC-B50A8BCEB10A}.Debug|Any CPU.ActiveCfg = Debug|Any CPU
		{40E4DA70-8E87-4512-B8EC-B50A8BCEB10A}.Debug|Any CPU.Build.0 = Debug|Any CPU
		{40E4DA70-8E87-4512-B8EC-B50A8BCEB10A}.Release|Any CPU.ActiveCfg = Release|Any CPU
		{40E4DA70-8E87-4512-B8EC-B50A8BCEB10A}.Release|Any CPU.Build.0 = Release|Any CPU
		{7A354592-5664-4CC0-91E6-DE42909C1D90}.Debug|Any CPU.ActiveCfg = Debug|Any CPU
		{7A354592-5664-4CC0-91E6-DE42909C1D90}.Debug|Any CPU.Build.0 = Debug|Any CPU
		{7A354592-5664-4CC0-91E6-DE42909C1D90}.Release|Any CPU.ActiveCfg = Release|Any CPU
		{7A354592-5664-4CC0-91E6-DE42909C1D90}.Release|Any CPU.Build.0 = Release|Any CPU
	EndGlobalSection
	GlobalSection(SolutionProperties) = preSolution
		HideSolutionNode = FALSE
	EndGlobalSection
	GlobalSection(ExtensibilityGlobals) = postSolution
		SolutionGuid = {075F2FF0-F501-43B6-9712-2B6A60A37E96}
	EndGlobalSection
EndGlobal
